
Microsoft Visual Studio Solution File, Format Version 12.00
# Visual Studio Version 17
VisualStudioVersion = 17.7.34024.191
MinimumVisualStudioVersion = 10.0.40219.1
Project("{FAE04EC0-301F-11D3-BF4B-00C04F79EFBC}") = "BaiTap6_63131545", "BaiTap6_63131545\BaiTap6_63131545.csproj", "{83BB2165-FC29-4006-8981-89274F896AEC}"
EndProject
Global
	GlobalSection(SolutionConfigurationPlatforms) = preSolution
		Debug|Any CPU = Debug|Any CPU
		Release|Any CPU = Release|Any CPU
	EndGlobalSection
	GlobalSection(ProjectConfigurationPlatforms) = postSolution
		{83BB2165-FC29-4006-8981-89274F896AEC}.Debug|Any CPU.ActiveCfg = Debug|Any CPU
		{83BB2165-FC29-4006-8981-89274F896AEC}.Debug|Any CPU.Build.0 = Debug|Any CPU
		{83BB2165-FC29-4006-8981-89274F896AEC}.Release|Any CPU.ActiveCfg = Release|Any CPU
		{83BB2165-FC29-4006-8981-89274F896AEC}.Release|Any CPU.Build.0 = Release|Any CPU
	EndGlobalSection
	GlobalSection(SolutionProperties) = preSolution
		HideSolutionNode = FALSE
	EndGlobalSection
	GlobalSection(ExtensibilityGlobals) = postSolution
		SolutionGuid = {FEB1DE71-B618-4F6B-85B3-372A3FB233A1}
	EndGlobalSection
EndGlobal
